
Microsoft Visual Studio Solution File, Format Version 12.00
# Visual Studio Version 16
VisualStudioVersion = 16.0.29324.140
MinimumVisualStudioVersion = 10.0.40219.1
Project("{FAE04EC0-301F-11D3-BF4B-00C04F79EFBC}") = "netcore3.0.0", "netcore3.0.0.csproj", "{34497A1B-AF24-4112-8B80-A2E434A5E5D2}"
EndProject
Global
	GlobalSection(SolutionConfigurationPlatforms) = preSolution
		Debug|Any CPU = Debug|Any CPU
		Release|Any CPU = Release|Any CPU
	EndGlobalSection
	GlobalSection(ProjectConfigurationPlatforms) = postSolution
		{34497A1B-AF24-4112-8B80-A2E434A5E5D2}.Debug|Any CPU.ActiveCfg = Debug|Any CPU
		{34497A1B-AF24-4112-8B80-A2E434A5E5D2}.Debug|Any CPU.Build.0 = Debug|Any CPU
		{34497A1B-AF24-4112-8B80-A2E434A5E5D2}.Release|Any CPU.ActiveCfg = Release|Any CPU
		{34497A1B-AF24-4112-8B80-A2E434A5E5D2}.Release|Any CPU.Build.0 = Release|Any CPU
	EndGlobalSection
	GlobalSection(SolutionProperties) = preSolution
		HideSolutionNode = FALSE
	EndGlobalSection
	GlobalSection(ExtensibilityGlobals) = postSolution
		SolutionGuid = {BA478EDF-9AD0-4241-80B9-709FE56E6977}
	EndGlobalSection
EndGlobal
