
Microsoft Visual Studio Solution File, Format Version 12.00
# Visual Studio Version 16
VisualStudioVersion = 16.0.29123.88
MinimumVisualStudioVersion = 10.0.40219.1
Project("{FAE04EC0-301F-11D3-BF4B-00C04F79EFBC}") = "netcore2.2.7", "netcore2.2.7.csproj", "{58722602-99D3-4E32-AF83-DB4C3089E07C}"
EndProject
Global
	GlobalSection(SolutionConfigurationPlatforms) = preSolution
		Debug|Any CPU = Debug|Any CPU
		Release|Any CPU = Release|Any CPU
	EndGlobalSection
	GlobalSection(ProjectConfigurationPlatforms) = postSolution
		{58722602-99D3-4E32-AF83-DB4C3089E07C}.Debug|Any CPU.ActiveCfg = Debug|Any CPU
		{58722602-99D3-4E32-AF83-DB4C3089E07C}.Debug|Any CPU.Build.0 = Debug|Any CPU
		{58722602-99D3-4E32-AF83-DB4C3089E07C}.Release|Any CPU.ActiveCfg = Release|Any CPU
		{58722602-99D3-4E32-AF83-DB4C3089E07C}.Release|Any CPU.Build.0 = Release|Any CPU
	EndGlobalSection
	GlobalSection(SolutionProperties) = preSolution
		HideSolutionNode = FALSE
	EndGlobalSection
	GlobalSection(ExtensibilityGlobals) = postSolution
		SolutionGuid = {03708750-D0D8-47FE-8CF0-2C5A4AA3ECD8}
	EndGlobalSection
EndGlobal
