
Microsoft Visual Studio Solution File, Format Version 12.00
# Visual Studio Version 16
VisualStudioVersion = 16.0.29424.173
MinimumVisualStudioVersion = 10.0.40219.1
Project("{FAE04EC0-301F-11D3-BF4B-00C04F79EFBC}") = "Propertynetcore", "Propertynetcore.csproj", "{5FCF4C06-A720-4F91-A96E-56557782A0BF}"
EndProject
Global
	GlobalSection(SolutionConfigurationPlatforms) = preSolution
		Debug|Any CPU = Debug|Any CPU
		Release|Any CPU = Release|Any CPU
	EndGlobalSection
	GlobalSection(ProjectConfigurationPlatforms) = postSolution
		{5FCF4C06-A720-4F91-A96E-56557782A0BF}.Debug|Any CPU.ActiveCfg = Debug|Any CPU
		{5FCF4C06-A720-4F91-A96E-56557782A0BF}.Debug|Any CPU.Build.0 = Debug|Any CPU
		{5FCF4C06-A720-4F91-A96E-56557782A0BF}.Release|Any CPU.ActiveCfg = Release|Any CPU
		{5FCF4C06-A720-4F91-A96E-56557782A0BF}.Release|Any CPU.Build.0 = Release|Any CPU
	EndGlobalSection
	GlobalSection(SolutionProperties) = preSolution
		HideSolutionNode = FALSE
	EndGlobalSection
	GlobalSection(ExtensibilityGlobals) = postSolution
		SolutionGuid = {F668BF53-01D3-4A7A-B965-15F499474FA6}
	EndGlobalSection
EndGlobal
